Microsoft Visual Studio Solution File, Format Version 12.00
# Visual Studio Version 17
VisualStudioVersion = 17.4.33103.184
MinimumVisualStudioVersion = 10.0.40219.1
Project("{FAE04EC0-301F-11D3-BF4B-00C04F79EFBC}") = "SynonymLookup.Api", "src\SynonymLookup.Api\SynonymLookup.Api.csproj", "{B36C81A4-E1A6-48BA-84D5-5470ADFA66A9}"
EndProject
Project("{FAE04EC0-301F-11D3-BF4B-00C04F79EFBC}") = "SynonymLookup.Api.Tests", "tests\SynonymLookup.Api.Tests\SynonymLookup.Api.Tests.csproj", "{7B06C626-F87C-4A9A-8C6B-48EBBD3F0F07}"
EndProject
Global
	GlobalSection(SolutionConfigurationPlatforms) = preSolution
		Debug|Any CPU = Debug|Any CPU
		Release|Any CPU = Release|Any CPU
	EndGlobalSection
	GlobalSection(ProjectConfigurationPlatforms) = postSolution
		{B36C81A4-E1A6-48BA-84D5-5470ADFA66A9}.Debug|Any CPU.ActiveCfg = Debug|Any CPU
		{B36C81A4-E1A6-48BA-84D5-5470ADFA66A9}.Debug|Any CPU.Build.0 = Debug|Any CPU
		{B36C81A4-E1A6-48BA-84D5-5470ADFA66A9}.Release|Any CPU.ActiveCfg = Release|Any CPU
		{B36C81A4-E1A6-48BA-84D5-5470ADFA66A9}.Release|Any CPU.Build.0 = Release|Any CPU
		{7B06C626-F87C-4A9A-8C6B-48EBBD3F0F07}.Debug|Any CPU.ActiveCfg = Debug|Any CPU
		{7B06C626-F87C-4A9A-8C6B-48EBBD3F0F07}.Debug|Any CPU.Build.0 = Debug|Any CPU
		{7B06C626-F87C-4A9A-8C6B-48EBBD3F0F07}.Release|Any CPU.ActiveCfg = Release|Any CPU
		{7B06C626-F87C-4A9A-8C6B-48EBBD3F0F07}.Release|Any CPU.Build.0 = Release|Any CPU
	EndGlobalSection
	GlobalSection(SolutionProperties) = preSolution
		HideSolutionNode = FALSE
	EndGlobalSection
	GlobalSection(ExtensibilityGlobals) = postSolution
		SolutionGuid = {04EC4CF7-9D1B-4654-AE29-D938D34B0EA6}
	EndGlobalSection
EndGlobal
